
Microsoft Visual Studio Solution File, Format Version 12.00
# Visual Studio 2012
Project("{FAE04EC0-301F-11D3-BF4B-00C04F79EFBC}") = "TextThePeople", "TextThePeople\TextThePeople.csproj", "{F9DF317E-4ACB-4EA9-9913-F485DB09A34E}"
EndProject
Project("{2150E333-8FDC-42A3-9474-1A3956D46DE8}") = "NewFolder1", "NewFolder1", "{F9156281-B958-495E-A0DB-43A67B2BBB4B}"
EndProject
Global
	GlobalSection(SolutionConfigurationPlatforms) = preSolution
		Debug|Any CPU = Debug|Any CPU
		Release|Any CPU = Release|Any CPU
	EndGlobalSection
	GlobalSection(ProjectConfigurationPlatforms) = postSolution
		{F9DF317E-4ACB-4EA9-9913-F485DB09A34E}.Debug|Any CPU.ActiveCfg = Debug|Any CPU
		{F9DF317E-4ACB-4EA9-9913-F485DB09A34E}.Debug|Any CPU.Build.0 = Debug|Any CPU
		{F9DF317E-4ACB-4EA9-9913-F485DB09A34E}.Release|Any CPU.ActiveCfg = Release|Any CPU
		{F9DF317E-4ACB-4EA9-9913-F485DB09A34E}.Release|Any CPU.Build.0 = Release|Any CPU
	EndGlobalSection
	GlobalSection(SolutionProperties) = preSolution
		HideSolutionNode = FALSE
	EndGlobalSection
EndGlobal
